
Microsoft Visual Studio Solution File, Format Version 12.00
Project("{2150E333-8FDC-42A3-9474-1A3956D46DE8}") = "src", "src", "{3C092EBC-A877-4F99-B101-7CB866B1899E}"
EndProject
Project("{2150E333-8FDC-42A3-9474-1A3956D46DE8}") = "test", "test", "{4604FF90-B40F-4AB2-A2AF-638D5E37A3D8}"
EndProject
Project("{2150E333-8FDC-42A3-9474-1A3956D46DE8}") = "API", "API", "{59CFC8D4-34C7-41CB-96CF-AB0922F3271E}"
EndProject
Project("{2150E333-8FDC-42A3-9474-1A3956D46DE8}") = "Core", "Core", "{1BE9998D-C220-4A6D-97A8-F5FC719B3034}"
EndProject
Project("{2150E333-8FDC-42A3-9474-1A3956D46DE8}") = "Infractructure", "Infractructure", "{A88DBE65-A200-455B-919D-F209105DAF33}"
EndProject
Project("{2150E333-8FDC-42A3-9474-1A3956D46DE8}") = "UI", "UI", "{B22D787F-CD36-4EF6-8272-E055706BF53C}"
EndProject
Project("{FAE04EC0-301F-11D3-BF4B-00C04F79EFBC}") = "CleanArchitecture.Domain", "CleanArchitecture.Domain\CleanArchitecture.Domain.csproj", "{7D352018-5D86-49B2-B4ED-5F23DCA43A25}"
EndProject
Project("{FAE04EC0-301F-11D3-BF4B-00C04F79EFBC}") = "CleanArchitecture.Application", "CleanArchitecture.Application\CleanArchitecture.Application.csproj", "{964ACFCF-4FC7-4754-9CE2-34A644A8CEA7}"
EndProject
Project("{FAE04EC0-301F-11D3-BF4B-00C04F79EFBC}") = "CleanArchitecture.Persistance", "CleanArchitecture.Persistance\CleanArchitecture.Persistance.csproj", "{FC14909B-EF23-4E45-AB6E-75DEC4548A23}"
EndProject
Project("{FAE04EC0-301F-11D3-BF4B-00C04F79EFBC}") = "CleanArchitecture.Infrastructure", "CleanArchitecture.Infrastructure\CleanArchitecture.Infrastructure.csproj", "{0F04F94A-2BEA-4FEB-8310-F6FC6A9FED6C}"
EndProject
Project("{FAE04EC0-301F-11D3-BF4B-00C04F79EFBC}") = "CleanArchitecture.API", "CleanArchitecture.API\CleanArchitecture.API.csproj", "{C196BB43-C96E-434D-97A8-25694FEE0C1C}"
EndProject
Project("{FAE04EC0-301F-11D3-BF4B-00C04F79EFBC}") = "CleanArchitecture.Application.UnitTests", "CleanArchitecture.Application.UnitTests\CleanArchitecture.Application.UnitTests.csproj", "{81780029-A55C-4DE9-BEAE-E5052A0676B3}"
EndProject
Project("{FAE04EC0-301F-11D3-BF4B-00C04F79EFBC}") = "CleanArchitecture.Persistence.IntegrationTests", "CleanArchitecture.Persistence.IntegrationTests\CleanArchitecture.Persistence.IntegrationTests.csproj", "{F8D34B60-FF85-405D-8DB5-66A7BD971FEF}"
EndProject
Global
	GlobalSection(SolutionConfigurationPlatforms) = preSolution
		Debug|Any CPU = Debug|Any CPU
		Release|Any CPU = Release|Any CPU
	EndGlobalSection
	GlobalSection(NestedProjects) = preSolution
		{59CFC8D4-34C7-41CB-96CF-AB0922F3271E} = {3C092EBC-A877-4F99-B101-7CB866B1899E}
		{1BE9998D-C220-4A6D-97A8-F5FC719B3034} = {3C092EBC-A877-4F99-B101-7CB866B1899E}
		{A88DBE65-A200-455B-919D-F209105DAF33} = {3C092EBC-A877-4F99-B101-7CB866B1899E}
		{B22D787F-CD36-4EF6-8272-E055706BF53C} = {3C092EBC-A877-4F99-B101-7CB866B1899E}
		{7D352018-5D86-49B2-B4ED-5F23DCA43A25} = {1BE9998D-C220-4A6D-97A8-F5FC719B3034}
		{964ACFCF-4FC7-4754-9CE2-34A644A8CEA7} = {1BE9998D-C220-4A6D-97A8-F5FC719B3034}
		{FC14909B-EF23-4E45-AB6E-75DEC4548A23} = {A88DBE65-A200-455B-919D-F209105DAF33}
		{0F04F94A-2BEA-4FEB-8310-F6FC6A9FED6C} = {A88DBE65-A200-455B-919D-F209105DAF33}
		{C196BB43-C96E-434D-97A8-25694FEE0C1C} = {59CFC8D4-34C7-41CB-96CF-AB0922F3271E}
		{81780029-A55C-4DE9-BEAE-E5052A0676B3} = {4604FF90-B40F-4AB2-A2AF-638D5E37A3D8}
		{F8D34B60-FF85-405D-8DB5-66A7BD971FEF} = {4604FF90-B40F-4AB2-A2AF-638D5E37A3D8}
	EndGlobalSection
	GlobalSection(ProjectConfigurationPlatforms) = postSolution
		{7D352018-5D86-49B2-B4ED-5F23DCA43A25}.Debug|Any CPU.ActiveCfg = Debug|Any CPU
		{7D352018-5D86-49B2-B4ED-5F23DCA43A25}.Debug|Any CPU.Build.0 = Debug|Any CPU
		{7D352018-5D86-49B2-B4ED-5F23DCA43A25}.Release|Any CPU.ActiveCfg = Release|Any CPU
		{7D352018-5D86-49B2-B4ED-5F23DCA43A25}.Release|Any CPU.Build.0 = Release|Any CPU
		{964ACFCF-4FC7-4754-9CE2-34A644A8CEA7}.Debug|Any CPU.ActiveCfg = Debug|Any CPU
		{964ACFCF-4FC7-4754-9CE2-34A644A8CEA7}.Debug|Any CPU.Build.0 = Debug|Any CPU
		{964ACFCF-4FC7-4754-9CE2-34A644A8CEA7}.Release|Any CPU.ActiveCfg = Release|Any CPU
		{964ACFCF-4FC7-4754-9CE2-34A644A8CEA7}.Release|Any CPU.Build.0 = Release|Any CPU
		{FC14909B-EF23-4E45-AB6E-75DEC4548A23}.Debug|Any CPU.ActiveCfg = Debug|Any CPU
		{FC14909B-EF23-4E45-AB6E-75DEC4548A23}.Debug|Any CPU.Build.0 = Debug|Any CPU
		{FC14909B-EF23-4E45-AB6E-75DEC4548A23}.Release|Any CPU.ActiveCfg = Release|Any CPU
		{FC14909B-EF23-4E45-AB6E-75DEC4548A23}.Release|Any CPU.Build.0 = Release|Any CPU
		{0F04F94A-2BEA-4FEB-8310-F6FC6A9FED6C}.Debug|Any CPU.ActiveCfg = Debug|Any CPU
		{0F04F94A-2BEA-4FEB-8310-F6FC6A9FED6C}.Debug|Any CPU.Build.0 = Debug|Any CPU
		{0F04F94A-2BEA-4FEB-8310-F6FC6A9FED6C}.Release|Any CPU.ActiveCfg = Release|Any CPU
		{0F04F94A-2BEA-4FEB-8310-F6FC6A9FED6C}.Release|Any CPU.Build.0 = Release|Any CPU
		{C196BB43-C96E-434D-97A8-25694FEE0C1C}.Debug|Any CPU.ActiveCfg = Debug|Any CPU
		{C196BB43-C96E-434D-97A8-25694FEE0C1C}.Debug|Any CPU.Build.0 = Debug|Any CPU
		{C196BB43-C96E-434D-97A8-25694FEE0C1C}.Release|Any CPU.ActiveCfg = Release|Any CPU
		{C196BB43-C96E-434D-97A8-25694FEE0C1C}.Release|Any CPU.Build.0 = Release|Any CPU
		{81780029-A55C-4DE9-BEAE-E5052A0676B3}.Debug|Any CPU.ActiveCfg = Debug|Any CPU
		{81780029-A55C-4DE9-BEAE-E5052A0676B3}.Debug|Any CPU.Build.0 = Debug|Any CPU
		{81780029-A55C-4DE9-BEAE-E5052A0676B3}.Release|Any CPU.ActiveCfg = Release|Any CPU
		{81780029-A55C-4DE9-BEAE-E5052A0676B3}.Release|Any CPU.Build.0 = Release|Any CPU
		{F8D34B60-FF85-405D-8DB5-66A7BD971FEF}.Debug|Any CPU.ActiveCfg = Debug|Any CPU
		{F8D34B60-FF85-405D-8DB5-66A7BD971FEF}.Debug|Any CPU.Build.0 = Debug|Any CPU
		{F8D34B60-FF85-405D-8DB5-66A7BD971FEF}.Release|Any CPU.ActiveCfg = Release|Any CPU
		{F8D34B60-FF85-405D-8DB5-66A7BD971FEF}.Release|Any CPU.Build.0 = Release|Any CPU
	EndGlobalSection
EndGlobal
